GEM
  remote: https://rubygems.org/
  specs:
    amazing_print (2.0.0)
    logger (1.7.0)
    minitest (5.27.0)
    paint (2.3.0)
    rake (13.4.2)
    terminal-table (4.0.0)
      unicode-display_width (>= 1.1.1, < 4)
    unicode-display_width (3.2.0)
      unicode-emoji (~> 4.1)
    unicode-emoji (4.1.0)

PLATFORMS
  arm64-darwin-23
  arm64-darwin-25
  x86_64-darwin-20
  x86_64-darwin-22

DEPENDENCIES
  amazing_print (~> 2.0)
  logger (~> 1.7)
  minitest (~> 5.25)
  paint (~> 2.3)
  rake (~> 13.2)
  terminal-table (~> 4.0)

BUNDLED WITH
   2.3.4
